
Microsoft Visual Studio Solution File, Format Version 12.00
# Visual Studio Version 16
VisualStudioVersion = 16.0.30413.136
MinimumVisualStudioVersion = 10.0.40219.1
Project("{9A19103F-16F7-4668-BE54-9A1E7A4F7556}") = "ValorAPI.Lib.Data", "ValorAPI.Lib.Data\ValorAPI.Lib.Data.csproj", "{42BA2259-DB10-4B3A-B4F3-4BE4CE877989}"
EndProject
Project("{9A19103F-16F7-4668-BE54-9A1E7A4F7556}") = "ValorAPI.Lib.Connection", "ValorAPI.Lib.Connection\ValorAPI.Lib.Connection.csproj", "{419D0251-5136-4C89-BDDD-E4DC9EA2CCF0}"
EndProject
Project("{9A19103F-16F7-4668-BE54-9A1E7A4F7556}") = "ValorAPI.Lib.Connection.Tests", "ValorAPI.Lib.Connection.Tests\ValorAPI.Lib.Connection.Tests.csproj", "{0C9EC710-2355-4662-ACBD-866B040EE5BA}"
EndProject
Project("{FAE04EC0-301F-11D3-BF4B-00C04F79EFBC}") = "ValorAPI.Console", "ValorAPI.Console\ValorAPI.Console.csproj", "{C991ABE7-85C7-4337-945F-9DA3F79CAD7C}"
EndProject
Global
	GlobalSection(SolutionConfigurationPlatforms) = preSolution
		Debug|Any CPU = Debug|Any CPU
		Release|Any CPU = Release|Any CPU
	EndGlobalSection
	GlobalSection(ProjectConfigurationPlatforms) = postSolution
		{42BA2259-DB10-4B3A-B4F3-4BE4CE877989}.Debug|Any CPU.ActiveCfg = Debug|Any CPU
		{42BA2259-DB10-4B3A-B4F3-4BE4CE877989}.Debug|Any CPU.Build.0 = Debug|Any CPU
		{42BA2259-DB10-4B3A-B4F3-4BE4CE877989}.Release|Any CPU.ActiveCfg = Release|Any CPU
		{42BA2259-DB10-4B3A-B4F3-4BE4CE877989}.Release|Any CPU.Build.0 = Release|Any CPU
		{419D0251-5136-4C89-BDDD-E4DC9EA2CCF0}.Debug|Any CPU.ActiveCfg = Debug|Any CPU
		{419D0251-5136-4C89-BDDD-E4DC9EA2CCF0}.Debug|Any CPU.Build.0 = Debug|Any CPU
		{419D0251-5136-4C89-BDDD-E4DC9EA2CCF0}.Release|Any CPU.ActiveCfg = Release|Any CPU
		{419D0251-5136-4C89-BDDD-E4DC9EA2CCF0}.Release|Any CPU.Build.0 = Release|Any CPU
		{0C9EC710-2355-4662-ACBD-866B040EE5BA}.Debug|Any CPU.ActiveCfg = Debug|Any CPU
		{0C9EC710-2355-4662-ACBD-866B040EE5BA}.Debug|Any CPU.Build.0 = Debug|Any CPU
		{0C9EC710-2355-4662-ACBD-866B040EE5BA}.Release|Any CPU.ActiveCfg = Release|Any CPU
		{0C9EC710-2355-4662-ACBD-866B040EE5BA}.Release|Any CPU.Build.0 = Release|Any CPU
		{C991ABE7-85C7-4337-945F-9DA3F79CAD7C}.Debug|Any CPU.ActiveCfg = Debug|Any CPU
		{C991ABE7-85C7-4337-945F-9DA3F79CAD7C}.Debug|Any CPU.Build.0 = Debug|Any CPU
		{C991ABE7-85C7-4337-945F-9DA3F79CAD7C}.Release|Any CPU.ActiveCfg = Release|Any CPU
		{C991ABE7-85C7-4337-945F-9DA3F79CAD7C}.Release|Any CPU.Build.0 = Release|Any CPU
	EndGlobalSection
	GlobalSection(SolutionProperties) = preSolution
		HideSolutionNode = FALSE
	EndGlobalSection
	GlobalSection(ExtensibilityGlobals) = postSolution
		SolutionGuid = {8E5177D8-149E-4768-B4AB-9AD661AEAC31}
	EndGlobalSection
EndGlobal
